PODS:
  - Flutter (1.0.0)
  - flutter_vibrate (0.0.1):
    - Flutter

DEPENDENCIES:
  - Flutter (from `Flutter`)
  - flutter_vibrate (from `.symlinks/plugins/flutter_vibrate/ios`)

EXTERNAL SOURCES:
  Flutter:
    :path: Flutter
  flutter_vibrate:
    :path: ".symlinks/plugins/flutter_vibrate/ios"

SPEC CHECKSUMS:
  Flutter: 0e3d915762c693b495b44d77113d4970485de6ec
  flutter_vibrate: c0ca4ac994ff97c3f147f69865458bbc0cc3508b

PODFILE CHECKSUM: 1b66dae606f75376c5f2135a8290850eeb09ae83

COCOAPODS: 1.8.4
